
Microsoft Visual Studio Solution File, Format Version 12.00
# Visual Studio Version 16
VisualStudioVersion = 16.0.30717.126
MinimumVisualStudioVersion = 10.0.40219.1
Project("{FAE04EC0-301F-11D3-BF4B-00C04F79EFBC}") = "Introduction.CharsAndStrings.Step2", "Introduction.CharsAndStrings.Step2\Introduction.CharsAndStrings.Step2.csproj", "{533729BB-74B9-4553-B9B5-F9AD118198AB}"
EndProject
Global
	GlobalSection(SolutionConfigurationPlatforms) = preSolution
		Debug|Any CPU = Debug|Any CPU
		Release|Any CPU = Release|Any CPU
	EndGlobalSection
	GlobalSection(ProjectConfigurationPlatforms) = postSolution
		{533729BB-74B9-4553-B9B5-F9AD118198AB}.Debug|Any CPU.ActiveCfg = Debug|Any CPU
		{533729BB-74B9-4553-B9B5-F9AD118198AB}.Debug|Any CPU.Build.0 = Debug|Any CPU
		{533729BB-74B9-4553-B9B5-F9AD118198AB}.Release|Any CPU.ActiveCfg = Release|Any CPU
		{533729BB-74B9-4553-B9B5-F9AD118198AB}.Release|Any CPU.Build.0 = Release|Any CPU
	EndGlobalSection
	GlobalSection(SolutionProperties) = preSolution
		HideSolutionNode = FALSE
	EndGlobalSection
	GlobalSection(ExtensibilityGlobals) = postSolution
		SolutionGuid = {69094E60-3FE9-4BDF-B61E-259E2CDDC365}
	EndGlobalSection
EndGlobal
