
Microsoft Visual Studio Solution File, Format Version 12.00
# Visual Studio Version 16
VisualStudioVersion = 16.0.30717.126
MinimumVisualStudioVersion = 10.0.40219.1
Project("{FAE04EC0-301F-11D3-BF4B-00C04F79EFBC}") = "e Introduction.Methods.Step2", "e Introduction.Methods.Step2\e Introduction.Methods.Step2.csproj", "{D4DA58D5-CB04-4F0C-A416-780A43C9C95E}"
EndProject
Global
	GlobalSection(SolutionConfigurationPlatforms) = preSolution
		Debug|Any CPU = Debug|Any CPU
		Release|Any CPU = Release|Any CPU
	EndGlobalSection
	GlobalSection(ProjectConfigurationPlatforms) = postSolution
		{D4DA58D5-CB04-4F0C-A416-780A43C9C95E}.Debug|Any CPU.ActiveCfg = Debug|Any CPU
		{D4DA58D5-CB04-4F0C-A416-780A43C9C95E}.Debug|Any CPU.Build.0 = Debug|Any CPU
		{D4DA58D5-CB04-4F0C-A416-780A43C9C95E}.Release|Any CPU.ActiveCfg = Release|Any CPU
		{D4DA58D5-CB04-4F0C-A416-780A43C9C95E}.Release|Any CPU.Build.0 = Release|Any CPU
	EndGlobalSection
	GlobalSection(SolutionProperties) = preSolution
		HideSolutionNode = FALSE
	EndGlobalSection
	GlobalSection(ExtensibilityGlobals) = postSolution
		SolutionGuid = {154CBCCF-231E-4C4F-B98F-0F1F173CAE55}
	EndGlobalSection
EndGlobal
