
Microsoft Visual Studio Solution File, Format Version 12.00
# Visual Studio Version 16
VisualStudioVersion = 16.0.30717.126
MinimumVisualStudioVersion = 10.0.40219.1
Project("{FAE04EC0-301F-11D3-BF4B-00C04F79EFBC}") = "Introduction.Methods.Step3", "Introduction.Methods.Step3\Introduction.Methods.Step3.csproj", "{F2974F4B-93CA-4C8A-8520-C5BF27C4E727}"
EndProject
Global
	GlobalSection(SolutionConfigurationPlatforms) = preSolution
		Debug|Any CPU = Debug|Any CPU
		Release|Any CPU = Release|Any CPU
	EndGlobalSection
	GlobalSection(ProjectConfigurationPlatforms) = postSolution
		{F2974F4B-93CA-4C8A-8520-C5BF27C4E727}.Debug|Any CPU.ActiveCfg = Debug|Any CPU
		{F2974F4B-93CA-4C8A-8520-C5BF27C4E727}.Debug|Any CPU.Build.0 = Debug|Any CPU
		{F2974F4B-93CA-4C8A-8520-C5BF27C4E727}.Release|Any CPU.ActiveCfg = Release|Any CPU
		{F2974F4B-93CA-4C8A-8520-C5BF27C4E727}.Release|Any CPU.Build.0 = Release|Any CPU
	EndGlobalSection
	GlobalSection(SolutionProperties) = preSolution
		HideSolutionNode = FALSE
	EndGlobalSection
	GlobalSection(ExtensibilityGlobals) = postSolution
		SolutionGuid = {29E9845A-642E-428F-A165-DD9589669022}
	EndGlobalSection
EndGlobal
