
Microsoft Visual Studio Solution File, Format Version 12.00
# Visual Studio Version 16
VisualStudioVersion = 16.0.30717.126
MinimumVisualStudioVersion = 10.0.40219.1
Project("{FAE04EC0-301F-11D3-BF4B-00C04F79EFBC}") = "Introduction.If.Step1", "Introduction.If.Step1\Introduction.If.Step1.csproj", "{B04C1144-57BA-425D-A786-5B9D74EC0F96}"
EndProject
Global
	GlobalSection(SolutionConfigurationPlatforms) = preSolution
		Debug|Any CPU = Debug|Any CPU
		Release|Any CPU = Release|Any CPU
	EndGlobalSection
	GlobalSection(ProjectConfigurationPlatforms) = postSolution
		{B04C1144-57BA-425D-A786-5B9D74EC0F96}.Debug|Any CPU.ActiveCfg = Debug|Any CPU
		{B04C1144-57BA-425D-A786-5B9D74EC0F96}.Debug|Any CPU.Build.0 = Debug|Any CPU
		{B04C1144-57BA-425D-A786-5B9D74EC0F96}.Release|Any CPU.ActiveCfg = Release|Any CPU
		{B04C1144-57BA-425D-A786-5B9D74EC0F96}.Release|Any CPU.Build.0 = Release|Any CPU
	EndGlobalSection
	GlobalSection(SolutionProperties) = preSolution
		HideSolutionNode = FALSE
	EndGlobalSection
	GlobalSection(ExtensibilityGlobals) = postSolution
		SolutionGuid = {7167930E-F173-44E2-9426-3C0E61076885}
	EndGlobalSection
EndGlobal
