
Microsoft Visual Studio Solution File, Format Version 12.00
# Visual Studio Version 17
VisualStudioVersion = 17.0.31903.59
MinimumVisualStudioVersion = 10.0.40219.1
Project("{FAE04EC0-301F-11D3-BF4B-00C04F79EFBC}") = "kd2", "kd2\kd2.csproj", "{08496DE7-0A64-4986-ABE1-0FD81802192B}"
EndProject
Global
	GlobalSection(SolutionConfigurationPlatforms) = preSolution
		Debug|Any CPU = Debug|Any CPU
		Release|Any CPU = Release|Any CPU
	EndGlobalSection
	GlobalSection(ProjectConfigurationPlatforms) = postSolution
		{08496DE7-0A64-4986-ABE1-0FD81802192B}.Debug|Any CPU.ActiveCfg = Debug|Any CPU
		{08496DE7-0A64-4986-ABE1-0FD81802192B}.Debug|Any CPU.Build.0 = Debug|Any CPU
		{08496DE7-0A64-4986-ABE1-0FD81802192B}.Release|Any CPU.ActiveCfg = Release|Any CPU
		{08496DE7-0A64-4986-ABE1-0FD81802192B}.Release|Any CPU.Build.0 = Release|Any CPU
	EndGlobalSection
	GlobalSection(SolutionProperties) = preSolution
		HideSolutionNode = FALSE
	EndGlobalSection
	GlobalSection(ExtensibilityGlobals) = postSolution
		SolutionGuid = {BEA0F0D0-3737-4A9F-843A-3D2BB4E938F6}
	EndGlobalSection
EndGlobal
