
Microsoft Visual Studio Solution File, Format Version 12.00
# Visual Studio Version 16
VisualStudioVersion = 16.0.30717.126
MinimumVisualStudioVersion = 10.0.40219.1
Project("{FAE04EC0-301F-11D3-BF4B-00C04F79EFBC}") = "Lab1", "Lab1\Lab1.csproj", "{27B7B1C0-B78D-4D92-9837-D60A5FDADD6C}"
EndProject
Global
	GlobalSection(SolutionConfigurationPlatforms) = preSolution
		Debug|Any CPU = Debug|Any CPU
		Release|Any CPU = Release|Any CPU
	EndGlobalSection
	GlobalSection(ProjectConfigurationPlatforms) = postSolution
		{27B7B1C0-B78D-4D92-9837-D60A5FDADD6C}.Debug|Any CPU.ActiveCfg = Debug|Any CPU
		{27B7B1C0-B78D-4D92-9837-D60A5FDADD6C}.Debug|Any CPU.Build.0 = Debug|Any CPU
		{27B7B1C0-B78D-4D92-9837-D60A5FDADD6C}.Release|Any CPU.ActiveCfg = Release|Any CPU
		{27B7B1C0-B78D-4D92-9837-D60A5FDADD6C}.Release|Any CPU.Build.0 = Release|Any CPU
	EndGlobalSection
	GlobalSection(SolutionProperties) = preSolution
		HideSolutionNode = FALSE
	EndGlobalSection
	GlobalSection(ExtensibilityGlobals) = postSolution
		SolutionGuid = {88A48E4A-1D62-475C-AA34-8A14C804B2FA}
	EndGlobalSection
EndGlobal
