
Microsoft Visual Studio Solution File, Format Version 12.00
# Visual Studio Version 17
VisualStudioVersion = 17.0.31903.59
MinimumVisualStudioVersion = 10.0.40219.1
Project("{FAE04EC0-301F-11D3-BF4B-00C04F79EFBC}") = "Lab4", "Lab4\Lab4.csproj", "{78AB513B-88FD-4652-AB0C-8DE6855A9516}"
EndProject
Global
	GlobalSection(SolutionConfigurationPlatforms) = preSolution
		Debug|Any CPU = Debug|Any CPU
		Release|Any CPU = Release|Any CPU
	EndGlobalSection
	GlobalSection(ProjectConfigurationPlatforms) = postSolution
		{78AB513B-88FD-4652-AB0C-8DE6855A9516}.Debug|Any CPU.ActiveCfg = Debug|Any CPU
		{78AB513B-88FD-4652-AB0C-8DE6855A9516}.Debug|Any CPU.Build.0 = Debug|Any CPU
		{78AB513B-88FD-4652-AB0C-8DE6855A9516}.Release|Any CPU.ActiveCfg = Release|Any CPU
		{78AB513B-88FD-4652-AB0C-8DE6855A9516}.Release|Any CPU.Build.0 = Release|Any CPU
	EndGlobalSection
	GlobalSection(SolutionProperties) = preSolution
		HideSolutionNode = FALSE
	EndGlobalSection
	GlobalSection(ExtensibilityGlobals) = postSolution
		SolutionGuid = {70568984-938E-4CE2-9515-F6DA94796AD9}
	EndGlobalSection
EndGlobal
