
Microsoft Visual Studio Solution File, Format Version 12.00
# Visual Studio Version 16
VisualStudioVersion = 16.0.30717.126
MinimumVisualStudioVersion = 10.0.40219.1
Project("{FAE04EC0-301F-11D3-BF4B-00C04F79EFBC}") = "Introduction.SimpleMath", "Introduction.SimpleMath\Introduction.SimpleMath.csproj", "{C06BE1FE-46CB-44C7-97AC-874CDD6D9BF2}"
EndProject
Global
	GlobalSection(SolutionConfigurationPlatforms) = preSolution
		Debug|Any CPU = Debug|Any CPU
		Release|Any CPU = Release|Any CPU
	EndGlobalSection
	GlobalSection(ProjectConfigurationPlatforms) = postSolution
		{C06BE1FE-46CB-44C7-97AC-874CDD6D9BF2}.Debug|Any CPU.ActiveCfg = Debug|Any CPU
		{C06BE1FE-46CB-44C7-97AC-874CDD6D9BF2}.Debug|Any CPU.Build.0 = Debug|Any CPU
		{C06BE1FE-46CB-44C7-97AC-874CDD6D9BF2}.Release|Any CPU.ActiveCfg = Release|Any CPU
		{C06BE1FE-46CB-44C7-97AC-874CDD6D9BF2}.Release|Any CPU.Build.0 = Release|Any CPU
	EndGlobalSection
	GlobalSection(SolutionProperties) = preSolution
		HideSolutionNode = FALSE
	EndGlobalSection
	GlobalSection(ExtensibilityGlobals) = postSolution
		SolutionGuid = {B173A848-6DD8-475B-95CA-AA056FD67C5B}
	EndGlobalSection
EndGlobal
