
Microsoft Visual Studio Solution File, Format Version 12.00
# Visual Studio Version 16
VisualStudioVersion = 16.0.30717.126
MinimumVisualStudioVersion = 10.0.40219.1
Project("{FAE04EC0-301F-11D3-BF4B-00C04F79EFBC}") = "Lab1.Exercises", "Lab1.Exercises\Lab1.Exercises.csproj", "{B5263325-EB81-4752-8031-3DC94282BD74}"
EndProject
Project("{FAE04EC0-301F-11D3-BF4B-00C04F79EFBC}") = "Lab1. Exercises.Register", "Lab1. Exercises.Register\Lab1. Exercises.Register.csproj", "{EB04E350-9498-4B70-B9C7-E0B6AF58A725}"
EndProject
Global
	GlobalSection(SolutionConfigurationPlatforms) = preSolution
		Debug|Any CPU = Debug|Any CPU
		Release|Any CPU = Release|Any CPU
	EndGlobalSection
	GlobalSection(ProjectConfigurationPlatforms) = postSolution
		{B5263325-EB81-4752-8031-3DC94282BD74}.Debug|Any CPU.ActiveCfg = Debug|Any CPU
		{B5263325-EB81-4752-8031-3DC94282BD74}.Debug|Any CPU.Build.0 = Debug|Any CPU
		{B5263325-EB81-4752-8031-3DC94282BD74}.Release|Any CPU.ActiveCfg = Release|Any CPU
		{B5263325-EB81-4752-8031-3DC94282BD74}.Release|Any CPU.Build.0 = Release|Any CPU
		{EB04E350-9498-4B70-B9C7-E0B6AF58A725}.Debug|Any CPU.ActiveCfg = Debug|Any CPU
		{EB04E350-9498-4B70-B9C7-E0B6AF58A725}.Debug|Any CPU.Build.0 = Debug|Any CPU
		{EB04E350-9498-4B70-B9C7-E0B6AF58A725}.Release|Any CPU.ActiveCfg = Release|Any CPU
		{EB04E350-9498-4B70-B9C7-E0B6AF58A725}.Release|Any CPU.Build.0 = Release|Any CPU
	EndGlobalSection
	GlobalSection(SolutionProperties) = preSolution
		HideSolutionNode = FALSE
	EndGlobalSection
	GlobalSection(ExtensibilityGlobals) = postSolution
		SolutionGuid = {11816599-A0EF-498A-B776-644D7A0398A7}
	EndGlobalSection
EndGlobal
